
Microsoft Visual Studio Solution File, Format Version 12.00
# Visual Studio Version 16
VisualStudioVersion = 16.0.30204.135
MinimumVisualStudioVersion = 10.0.40219.1
Project("{FAE04EC0-301F-11D3-BF4B-00C04F79EFBC}") = "CS3_TableEditor", "CS3_TableEditor\CS3_TableEditor.csproj", "{48FEC91D-A103-455A-AC6F-2AD5370EC4EA}"
EndProject
Global
	GlobalSection(SolutionConfigurationPlatforms) = preSolution
		Debug|Any CPU = Debug|Any CPU
		Release|Any CPU = Release|Any CPU
	EndGlobalSection
	GlobalSection(ProjectConfigurationPlatforms) = postSolution
		{48FEC91D-A103-455A-AC6F-2AD5370EC4EA}.Debug|Any CPU.ActiveCfg = Debug|Any CPU
		{48FEC91D-A103-455A-AC6F-2AD5370EC4EA}.Debug|Any CPU.Build.0 = Debug|Any CPU
		{48FEC91D-A103-455A-AC6F-2AD5370EC4EA}.Release|Any CPU.ActiveCfg = Release|Any CPU
		{48FEC91D-A103-455A-AC6F-2AD5370EC4EA}.Release|Any CPU.Build.0 = Release|Any CPU
	EndGlobalSection
	GlobalSection(SolutionProperties) = preSolution
		HideSolutionNode = FALSE
	EndGlobalSection
	GlobalSection(ExtensibilityGlobals) = postSolution
		SolutionGuid = {DDAF5448-2086-4D86-8A4D-A6CD950C5F48}
	EndGlobalSection
EndGlobal
